
Microsoft Visual Studio Solution File, Format Version 12.00
# Visual Studio Version 16
VisualStudioVersion = 16.0.30204.135
MinimumVisualStudioVersion = 10.0.40219.1
Project("{8BC9CEB8-8B4A-11D0-8D11-00A0C91BC942}") = "TrafficSystemsPart3", "TrafficSystemsPart3\TrafficSystemsPart3.vcxproj", "{75113366-1CBB-47D6-B1CE-647A9C85F96A}"
EndProject
Global
	GlobalSection(SolutionConfigurationPlatforms) = preSolution
		Debug|x64 = Debug|x64
		Debug|x86 = Debug|x86
		Release|x64 = Release|x64
		Release|x86 = Release|x86
	EndGlobalSection
	GlobalSection(ProjectConfigurationPlatforms) = postSolution
		{75113366-1CBB-47D6-B1CE-647A9C85F96A}.Debug|x64.ActiveCfg = Debug|x64
		{75113366-1CBB-47D6-B1CE-647A9C85F96A}.Debug|x64.Build.0 = Debug|x64
		{75113366-1CBB-47D6-B1CE-647A9C85F96A}.Debug|x86.ActiveCfg = Debug|Win32
		{75113366-1CBB-47D6-B1CE-647A9C85F96A}.Debug|x86.Build.0 = Debug|Win32
		{75113366-1CBB-47D6-B1CE-647A9C85F96A}.Release|x64.ActiveCfg = Release|x64
		{75113366-1CBB-47D6-B1CE-647A9C85F96A}.Release|x64.Build.0 = Release|x64
		{75113366-1CBB-47D6-B1CE-647A9C85F96A}.Release|x86.ActiveCfg = Release|Win32
		{75113366-1CBB-47D6-B1CE-647A9C85F96A}.Release|x86.Build.0 = Release|Win32
	EndGlobalSection
	GlobalSection(SolutionProperties) = preSolution
		HideSolutionNode = FALSE
	EndGlobalSection
	GlobalSection(ExtensibilityGlobals) = postSolution
		SolutionGuid = {01B06E9C-60E5-4B57-A4ED-6D47D5BF60E2}
	EndGlobalSection
EndGlobal
